<?xml version="1.0" encoding="UTF-8"?>
<Scheme LastUpgradeVersion="1600" version="1.7">
 <BuildAction parallelizeBuildables="YES" buildImplicitDependencies="YES"><BuildActionEntries>
  <BuildActionEntry buildForTesting="YES" buildForRunning="YES" buildForProfiling="YES" buildForArchiving="YES" buildForAnalyzing="YES"><BuildableReference BuildableIdentifier="primary" BlueprintIdentifier="CDD0594F25E2D11765293A24" BuildableName="Hookshot Hero.app" BlueprintName="HookshotHero" ReferencedContainer="container:HookshotHero.xcodeproj"/></BuildActionEntry>
 </BuildActionEntries></BuildAction>
 <TestAction buildConfiguration="Debug" selectedDebuggerIdentifier="Xcode.DebuggerFoundation.Debugger.LLDB" selectedLauncherIdentifier="Xcode.DebuggerFoundation.Launcher.LLDB" shouldUseLaunchSchemeArgsEnv="YES"><Testables>
  <TestableReference skipped="NO"><BuildableReference BuildableIdentifier="primary" BlueprintIdentifier="A1C04B2873E4BE2D5A687B4E" BuildableName="HookshotHeroTests.xctest" BlueprintName="HookshotHeroTests" ReferencedContainer="container:HookshotHero.xcodeproj"/></TestableReference>
  <TestableReference skipped="NO"><BuildableReference BuildableIdentifier="primary" BlueprintIdentifier="8493EEB794ACAA68CA911775" BuildableName="HookshotHeroUITests.xctest" BlueprintName="HookshotHeroUITests" ReferencedContainer="container:HookshotHero.xcodeproj"/></TestableReference>
 </Testables></TestAction>
 <LaunchAction buildConfiguration="Debug" selectedDebuggerIdentifier="Xcode.DebuggerFoundation.Debugger.LLDB" selectedLauncherIdentifier="Xcode.DebuggerFoundation.Launcher.LLDB" launchStyle="0" useCustomWorkingDirectory="NO" ignoresPersistentStateOnLaunch="NO" debugDocumentVersioning="YES" debugServiceExtension="internal" allowLocationSimulation="YES"><BuildableProductRunnable runnableDebuggingMode="0"><BuildableReference BuildableIdentifier="primary" BlueprintIdentifier="CDD0594F25E2D11765293A24" BuildableName="Hookshot Hero.app" BlueprintName="HookshotHero" ReferencedContainer="container:HookshotHero.xcodeproj"/></BuildableProductRunnable></LaunchAction>
 <ProfileAction buildConfiguration="Release" shouldUseLaunchSchemeArgsEnv="YES" savedToolIdentifier="" useCustomWorkingDirectory="NO" debugDocumentVersioning="YES"><BuildableProductRunnable runnableDebuggingMode="0"><BuildableReference BuildableIdentifier="primary" BlueprintIdentifier="CDD0594F25E2D11765293A24" BuildableName="Hookshot Hero.app" BlueprintName="HookshotHero" ReferencedContainer="container:HookshotHero.xcodeproj"/></BuildableProductRunnable></ProfileAction>
 <AnalyzeAction buildConfiguration="Debug"/><ArchiveAction buildConfiguration="Release" revealArchiveInOrganizer="YES"/>
</Scheme>
